# This file is autogenerated, do not edit; changes may be undone by the next 'dep ensure'.


[[projects]]
  branch = "master"
  digest = "1:d678bcab9a6fa346fcc1df084f76430048e976f990a631a6b8e3083f854b2d3e"
  name = "code.cloudfoundry.org/bbs"
  packages = [
    ".",
    "encryption",
    "events",
    "events/eventfakes",
    "format",
    "models",
  ]
  pruneopts = ""
  revision = "cfbface35ac0e78f6367c8577542d40ee03cb48b"

[[projects]]
  digest = "1:2c620dd8ec51475b61f876e9ec1dac8a06e3a4f81b5ffb5cb28d1ce9725b4c52"
  name = "code.cloudfoundry.org/cfhttp"
  packages = ["v2"]
  pruneopts = ""
  revision = "96f7a23cbfc6b07fdc47b5b51ed7ca6215dfeb0c"
  version = "v2.0.0"

[[projects]]
  branch = "master"
  digest = "1:51e84ddccb646e2cf04803d6d571f5d2acd6b12e603f254682cb54b582dcb298"
  name = "code.cloudfoundry.org/debugserver"
  packages = ["."]
  pruneopts = ""
  revision = "a3ba348dfede68d089bb9e5ffbfd478b31556a17"

[[projects]]
  branch = "master"
  digest = "1:d0e6be0948046d5257c42c178f9d61e89ed26e894b9d9fcdd788b3e4187d95dc"
  name = "code.cloudfoundry.org/durationjson"
  packages = ["."]
  pruneopts = ""
  revision = "718cecacb217efc520406308f08a46b9a958da28"

[[projects]]
  branch = "master"
  digest = "1:79b84ded24b1338dedccd54b7f67ec966407ce4634bd5ccb2560da762619387e"
  name = "code.cloudfoundry.org/lager"
  packages = [
    ".",
    "lagerctx",
    "lagertest",
  ]
  pruneopts = ""
  revision = "0bfa98e49e7a976af91e918d47978f07c00b081f"

[[projects]]
  branch = "master"
  digest = "1:40d5dc9e1fdceb1640f25f9cc14a603de101ec322977b234f7657d7fc2aec833"
  name = "code.cloudfoundry.org/tlsconfig"
  packages = ["."]
  pruneopts = ""
  revision = "eb9396db5a718d9d9a3c5ee0af6baafa56e5e76b"

[[projects]]
  branch = "master"
  digest = "1:c0bec5f9b98d0bc872ff5e834fac186b807b656683bd29cb82fb207a1513fabb"
  name = "github.com/beorn7/perks"
  packages = ["quantile"]
  pruneopts = ""
  revision = "3a771d992973f24aa725d07868b467d1ddfceafb"

[[projects]]
  branch = "master"
  digest = "1:da54e55f2f63347514121c0d7b53631970367b26281d057ec66925c57324b8f1"
  name = "github.com/bmizerany/pat"
  packages = ["."]
  pruneopts = ""
  revision = "6226ea591a40176dd3ff9cd8eff81ed6ca721a00"

[[projects]]
  digest = "1:2042b0f0950a2b628ebb914c43fb56d151bf53a72594e7d4f09d9dd5272aec3e"
  name = "github.com/envoyproxy/go-control-plane"
  packages = [
    "envoy/api/v2",
    "envoy/api/v2/auth",
    "envoy/api/v2/cluster",
    "envoy/api/v2/core",
    "envoy/api/v2/endpoint",
    "envoy/api/v2/listener",
    "envoy/api/v2/route",
    "envoy/config/grpc_credential/v2alpha",
    "envoy/type",
  ]
  pruneopts = ""
  revision = "eb553e72ac8724721a99ed85fcb116467c7a2bac"
  version = "v0.6.7"

[[projects]]
  digest = "1:b13707423743d41665fd23f0c36b2f37bb49c30e94adb813319c44188a51ba22"
  name = "github.com/ghodss/yaml"
  packages = ["."]
  pruneopts = ""
  revision = "0ca9ea5df5451ffdf184b4428c902747c2c11cd7"
  version = "v1.0.0"

[[projects]]
  branch = "master"
  digest = "1:54d5c6a784a9de9c836fc070d51d0689c3e99ee6d24dba8a36f0762039dae830"
  name = "github.com/gogo/googleapis"
  packages = [
    "google/api",
    "google/rpc",
  ]
  pruneopts = ""
  revision = "8558fb44d2f1fc223118afc694129d2c2d2924d1"

[[projects]]
  digest = "1:6e73003ecd35f4487a5e88270d3ca0a81bc80dc88053ac7e4dcfec5fba30d918"
  name = "github.com/gogo/protobuf"
  packages = [
    "gogoproto",
    "jsonpb",
    "proto",
    "protoc-gen-gogo/descriptor",
    "sortkeys",
    "types",
  ]
  pruneopts = ""
  revision = "636bf0302bc95575d69441b25a2603156ffdddf1"
  version = "v1.1.1"

[[projects]]
  digest = "1:ad98e18b5774cb6eb9f0e81d594c76f8872796c5e8ed99ac781e0338700c55a6"
  name = "github.com/gogo/status"
  packages = ["."]
  pruneopts = ""
  revision = "d60b5acac426cb52f7e28124c6aaa862d9f339f5"

[[projects]]
  digest = "1:f958a1c137db276e52f0b50efee41a1a389dcdded59a69711f3e872757dab34b"
  name = "github.com/golang/protobuf"
  packages = [
    "proto",
    "protoc-gen-go/descriptor",
    "ptypes",
    "ptypes/any",
    "ptypes/duration",
    "ptypes/timestamp",
  ]
  pruneopts = ""
  revision = "b4deda0973fb4c70b50d226b1af49f3da59f5265"
  version = "v1.1.0"

[[projects]]
  branch = "master"
  digest = "1:754f77e9c839b24778a4b64422236d38515301d2baeb63113aa3edc42e6af692"
  name = "github.com/google/gofuzz"
  packages = ["."]
  pruneopts = ""
  revision = "24818f796faf91cd76ec7bddd72458fbced7a6c1"

[[projects]]
  digest = "1:dbbeb8ddb0be949954c8157ee8439c2adfd8dc1c9510eb44a6e58cb68c3dce28"
  name = "github.com/gorilla/context"
  packages = ["."]
  pruneopts = ""
  revision = "08b5f424b9271eedf6f9f0ce86cb9396ed337a42"
  version = "v1.1.1"

[[projects]]
  digest = "1:c2c8666b4836c81a1d247bdf21c6a6fc1ab586538ab56f74437c2e0df5c375e1"
  name = "github.com/gorilla/mux"
  packages = ["."]
  pruneopts = ""
  revision = "e3702bed27f0d39777b0b37b664b6280e8ef8fbf"
  version = "v1.6.2"

[[projects]]
  digest = "1:8e3bd93036b4a925fe2250d3e4f38f21cadb8ef623561cd80c3c50c114b13201"
  name = "github.com/hashicorp/errwrap"
  packages = ["."]
  pruneopts = ""
  revision = "8a6fb523712970c966eefc6b39ed2c5e74880354"
  version = "v1.0.0"

[[projects]]
  branch = "master"
  digest = "1:72308fdd6d5ef61106a95be7ca72349a5565809042b6426a3cfb61d99483b824"
  name = "github.com/hashicorp/go-multierror"
  packages = ["."]
  pruneopts = ""
  revision = "886a7fbe3eb1c874d46f623bfa70af45f425b3d1"

[[projects]]
  digest = "1:b3c5b95e56c06f5aa72cb2500e6ee5f44fcd122872d4fec2023a488e561218bc"
  name = "github.com/hpcloud/tail"
  packages = [
    ".",
    "ratelimiter",
    "util",
    "watch",
    "winfile",
  ]
  pruneopts = ""
  revision = "a30252cb686a21eb2d0b98132633053ec2f7f1e5"
  version = "v1.0.0"

[[projects]]
  digest = "1:870d441fe217b8e689d7949fef6e43efbc787e50f200cb1e70dbca9204a1d6be"
  name = "github.com/inconshreveable/mousetrap"
  packages = ["."]
  pruneopts = ""
  revision = "76626ae9c91c4f2a10f34cad8ce83ea42c93bb75"
  version = "v1.0"

[[projects]]
  digest = "1:fb476825e52f5685089899fe09a8d07a91579938e1db40a93527674716f1e59d"
  name = "github.com/lyft/protoc-gen-validate"
  packages = ["validate"]
  pruneopts = ""
  revision = "930a67cf7ba41b9d9436ad7a1be70a5d5ff6e1fc"
  version = "v0.0.6"

[[projects]]
  digest = "1:63722a4b1e1717be7b98fc686e0b30d5e7f734b9e93d7dee86293b6deab7ea28"
  name = "github.com/matttproud/golang_protobuf_extensions"
  packages = ["pbutil"]
  pruneopts = ""
  revision = "c12348ce28de40eed0136aa2b644d0ee0650e56c"
  version = "v1.0.1"

[[projects]]
  digest = "1:11c58e19ff7ce22740423bb933f1ddca3bf575def40d5ac3437ec12871b1648b"
  name = "github.com/natefinch/lumberjack"
  packages = ["."]
  pruneopts = ""
  revision = "a96e63847dc3c67d17befa69c303767e2f84e54f"
  version = "v2.1"

[[projects]]
  digest = "1:a7fd918fb5bd2188436785c0424f8a50b4addfedf37a2b14d796be2a927b8007"
  name = "github.com/onsi/ginkgo"
  packages = [
    ".",
    "config",
    "extensions/table",
    "internal/codelocation",
    "internal/containernode",
    "internal/failer",
    "internal/leafnodes",
    "internal/remote",
    "internal/spec",
    "internal/spec_iterator",
    "internal/specrunner",
    "internal/suite",
    "internal/testingtproxy",
    "internal/writer",
    "reporters",
    "reporters/stenographer",
    "reporters/stenographer/support/go-colorable",
    "reporters/stenographer/support/go-isatty",
    "types",
  ]
  pruneopts = ""
  revision = "3774a09d95489ccaa16032e0770d08ea77ba6184"
  version = "v1.6.0"

[[projects]]
  digest = "1:a2453f1424ddc8c28a93b2bb59f9503f61f4a1a3a4719b007c8d48a2cada631b"
  name = "github.com/onsi/gomega"
  packages = [
    ".",
    "format",
    "gbytes",
    "gexec",
    "ghttp",
    "internal/assertion",
    "internal/asyncassertion",
    "internal/oraclematcher",
    "internal/testingtsupport",
    "matchers",
    "matchers/support/goraph/bipartitegraph",
    "matchers/support/goraph/edge",
    "matchers/support/goraph/node",
    "matchers/support/goraph/util",
    "types",
  ]
  pruneopts = ""
  revision = "b6ea1ea48f981d0f615a154a45eabb9dd466556d"
  version = "v1.4.1"

[[projects]]
  branch = "master"
  digest = "1:2e499d82667950b515054fb07405a63f325095368af34dbd93314c65cfc29128"
  name = "github.com/pivotal-cf/paraphernalia"
  packages = ["serve/grpcrunner"]
  pruneopts = ""
  revision = "4272315231ce0d2636eeb44ed0479e56ca165581"

[[projects]]
  digest = "1:6f218995d6a74636cfcab45ce03005371e682b4b9bee0e5eb0ccfd83ef85364f"
  name = "github.com/prometheus/client_golang"
  packages = [
    "prometheus",
    "prometheus/internal",
  ]
  pruneopts = ""
  revision = "505eaef017263e299324067d40ca2c48f6a2cf50"
  version = "v0.9.2"

[[projects]]
  branch = "master"
  digest = "1:185cf55b1f44a1bf243558901c3f06efa5c64ba62cfdcbb1bf7bbe8c3fb68561"
  name = "github.com/prometheus/client_model"
  packages = ["go"]
  pruneopts = ""
  revision = "5c3871d89910bfb32f5fcab2aa4b9ec68e65a99f"

[[projects]]
  branch = "master"
  digest = "1:f477ef7b65d94fb17574fc6548cef0c99a69c1634ea3b6da248b63a61ebe0498"
  name = "github.com/prometheus/common"
  packages = [
    "expfmt",
    "internal/bitbucket.org/ww/goautoneg",
    "model",
  ]
  pruneopts = ""
  revision = "c7de2306084e37d54b8be01f3541a8464345e9a5"

[[projects]]
  branch = "master"
  digest = "1:5a57ea878c9a40657ebe7916eca6bea7c76808f5acb68fd42ea5e204dd35f6f7"
  name = "github.com/prometheus/procfs"
  packages = [
    ".",
    "internal/util",
    "nfs",
    "xfs",
  ]
  pruneopts = ""
  revision = "418d78d0b9a7b7de3a6bbc8a23def624cc977bb2"

[[projects]]
  digest = "1:a1403cc8a94b8d7956ee5e9694badef0e7b051af289caad1cf668331e3ffa4f6"
  name = "github.com/spf13/cobra"
  packages = ["."]
  pruneopts = ""
  revision = "ef82de70bb3f60c65fb8eebacbb2d122ef517385"
  version = "v0.0.3"

[[projects]]
  digest = "1:0a52bcb568386d98f4894575d53ce3e456f56471de6897bb8b9de13c33d9340e"
  name = "github.com/spf13/pflag"
  packages = ["."]
  pruneopts = ""
  revision = "9a97c102cda95a86cec2345a6f09f55a939babf5"
  version = "v1.0.2"

[[projects]]
  digest = "1:0fc3b06901e4732c29c433efe8d956f7c5dedde5baad16e88ec1289ecf86362f"
  name = "github.com/square/certstrap"
  packages = ["pkix"]
  pruneopts = ""
  revision = "fa1359e6e510efcf9cd67bc0edbe43d7300a7833"
  version = "v1.1.1"

[[projects]]
  branch = "master"
  digest = "1:ade2e3f3605685a33a0007a054e6b16f7653d8d1d655e210c3e371056fb7f69f"
  name = "github.com/tedsuo/ifrit"
  packages = [
    ".",
    "grouper",
    "http_server",
    "sigmon",
  ]
  pruneopts = ""
  revision = "d787ed1df88a79d9e9b1072738a40500b8ec22ee"

[[projects]]
  digest = "1:5eb69e54b6af5896a81dc45c5125eebe4b37a70df5e121e41d5a879a0c740234"
  name = "github.com/tedsuo/rata"
  packages = ["."]
  pruneopts = ""
  revision = "0649c23705dfb45a9693b668c4fc1c0666f485d9"
  version = "v1.0.0"

[[projects]]
  branch = "master"
  digest = "1:f1ddb267e59afd889997e0b013898419eaf2fe9305b5e8cbccf2163509ef033c"
  name = "github.com/vito/go-sse"
  packages = ["sse"]
  pruneopts = ""
  revision = "fd69d275caac5d78d793e77ddbe9bd2001d9b88d"

[[projects]]
  digest = "1:8c8ec859c77fccd10a347b7219b597c4c21c448949e8bdf3fc3e6f4c78f952b4"
  name = "go.opencensus.io"
  packages = [
    "internal/tagencoding",
    "stats",
    "stats/internal",
    "stats/view",
    "tag",
  ]
  pruneopts = ""
  revision = "79993219becaa7e29e3b60cb67f5b8e82dee11d6"
  version = "v0.17.0"

[[projects]]
  digest = "1:74f86c458e82e1c4efbab95233e0cf51b7cc02dc03193be9f62cd81224e10401"
  name = "go.uber.org/atomic"
  packages = ["."]
  pruneopts = ""
  revision = "1ea20fb1cbb1cc08cbd0d913a96dead89aa18289"
  version = "v1.3.2"

[[projects]]
  digest = "1:22c7effcb4da0eacb2bb1940ee173fac010e9ef3c691f5de4b524d538bd980f5"
  name = "go.uber.org/multierr"
  packages = ["."]
  pruneopts = ""
  revision = "3c4937480c32f4c13a875a1829af76c98ca3d40a"
  version = "v1.1.0"

[[projects]]
  digest = "1:246f378f80fba6fcf0f191c486b6613265abd2bc0f2fa55a36b928c67352021e"
  name = "go.uber.org/zap"
  packages = [
    ".",
    "buffer",
    "internal/bufferpool",
    "internal/color",
    "internal/exit",
    "zapcore",
    "zapgrpc",
  ]
  pruneopts = ""
  revision = "ff33455a0e382e8a81d14dd7c922020b6b5e7982"
  version = "v1.9.1"

[[projects]]
  branch = "master"
  digest = "1:a143fd748b88512b9b7eb43e0ad5b92560d89dc596787438abe25d7e345b7362"
  name = "golang.org/x/net"
  packages = [
    "context",
    "html",
    "html/atom",
    "html/charset",
    "http2",
    "http2/hpack",
    "idna",
    "internal/timeseries",
    "lex/httplex",
    "trace",
  ]
  pruneopts = ""
  revision = "a337091b0525af65de94df2eb7e98bd9962dcbe2"

[[projects]]
  branch = "master"
  digest = "1:630da6b685efd0155076e77c082a4fb297a5fd49a722d28fb4c728cd8656e060"
  name = "golang.org/x/sys"
  packages = ["unix"]
  pruneopts = ""
  revision = "dad3d9fb7b6e83d0f9ac8f54670f6334c3a287b4"

[[projects]]
  branch = "master"
  digest = "1:39a1a71adca4b837a25dc6b5fcdd9d175e4597c6d3440f107dfeda31230218e4"
  name = "golang.org/x/text"
  packages = [
    "collate",
    "collate/build",
    "encoding",
    "encoding/charmap",
    "encoding/htmlindex",
    "encoding/internal",
    "encoding/internal/identifier",
    "encoding/japanese",
    "encoding/korean",
    "encoding/simplifiedchinese",
    "encoding/traditionalchinese",
    "encoding/unicode",
    "internal/colltab",
    "internal/gen",
    "internal/tag",
    "internal/triegen",
    "internal/ucd",
    "internal/utf8internal",
    "language",
    "runes",
    "secure/bidirule",
    "transform",
    "unicode/bidi",
    "unicode/cldr",
    "unicode/norm",
    "unicode/rangetable",
  ]
  pruneopts = ""
  revision = "88f656faf3f37f690df1a32515b479415e1a6769"

[[projects]]
  branch = "master"
  digest = "1:55a681cb66f28755765fa5fa5104cbd8dc85c55c02d206f9f89566451e3fe1aa"
  name = "golang.org/x/time"
  packages = ["rate"]
  pruneopts = ""
  revision = "fbb02b2291d28baffd63558aa44b4b56f178d650"

[[projects]]
  branch = "master"
  digest = "1:e6e7cb96e206b26d38aac9fded485909bb6449b0b59b5ef3e4c3413cdd9db9cf"
  name = "google.golang.org/genproto"
  packages = ["googleapis/rpc/status"]
  pruneopts = ""
  revision = "7bb2a897381c9c5ab2aeb8614f758d7766af68ff"

[[projects]]
  digest = "1:15656947b87a6a240e61dcfae9e71a55a8d5677f240d12ab48f02cdbabf1e309"
  name = "google.golang.org/grpc"
  packages = [
    ".",
    "balancer",
    "balancer/base",
    "balancer/roundrobin",
    "codes",
    "connectivity",
    "credentials",
    "encoding",
    "encoding/gzip",
    "encoding/proto",
    "grpclog",
    "internal",
    "internal/backoff",
    "internal/channelz",
    "internal/envconfig",
    "internal/grpcrand",
    "internal/transport",
    "keepalive",
    "metadata",
    "naming",
    "peer",
    "reflection",
    "reflection/grpc_reflection_v1alpha",
    "resolver",
    "resolver/dns",
    "resolver/passthrough",
    "stats",
    "status",
    "tap",
  ]
  pruneopts = ""
  revision = "8dea3dc473e90c8179e519d91302d0597c0ca1d1"
  version = "v1.15.0"

[[projects]]
  digest = "1:eb53021a8aa3f599d29c7102e65026242bdedce998a54837dc67f14b6a97c5fd"
  name = "gopkg.in/fsnotify.v1"
  packages = ["."]
  pruneopts = ""
  revision = "c2828203cd70a50dcccfb2761f8b1f8ceef9a8e9"
  source = "https://github.com/fsnotify/fsnotify.git"
  version = "v1.4.7"

[[projects]]
  digest = "1:75fb3fcfc73a8c723efde7777b40e8e8ff9babf30d8c56160d01beffea8a95a6"
  name = "gopkg.in/inf.v0"
  packages = ["."]
  pruneopts = ""
  revision = "d2d2541c53f18d2a059457998ce2876cc8e67cbf"
  version = "v0.9.1"

[[projects]]
  branch = "v1"
  digest = "1:a96d16bd088460f2e0685d46c39bcf1208ba46e0a977be2df49864ec7da447dd"
  name = "gopkg.in/tomb.v1"
  packages = ["."]
  pruneopts = ""
  revision = "dd632973f1e7218eb1089048e0798ec9ae7dceb8"

[[projects]]
  branch = "v2"
  digest = "1:8012e3289c36d514a961b9b9a7576324a105c6eee7df346d92afd071cf79f97c"
  name = "gopkg.in/validator.v2"
  packages = ["."]
  pruneopts = ""
  revision = "460c83432a98c35224a6fe352acf8b23e067ad06"

[[projects]]
  digest = "1:f0620375dd1f6251d9973b5f2596228cc8042e887cd7f827e4220bc1ce8c30e2"
  name = "gopkg.in/yaml.v2"
  packages = ["."]
  pruneopts = ""
  revision = "5420a8b6744d3b0345ab293f6fcba19c978f1183"
  version = "v2.2.1"

[[projects]]
  branch = "release-1.1"
  digest = "1:3da950665c93ec3ed4107634028c473ec805f52da05d01bd310024a1a970b19b"
  name = "istio.io/api"
  packages = [
    "authentication/v1alpha1",
    "mcp/v1alpha1",
    "mesh/v1alpha1",
    "mixer/v1",
    "mixer/v1/config/client",
    "networking/v1alpha3",
    "policy/v1beta1",
    "rbac/v1alpha1",
  ]
  pruneopts = ""
  revision = ""

[[projects]]
  branch = "release-1.1"
  digest = "1:310222431af78a725ecea54d1bd44cd43db2ea8784cd85c191fda55fde936d4b"
  name = "istio.io/istio"
  packages = [
    "galley/pkg/metadata",
    "galley/pkg/runtime/groups",
    "galley/pkg/runtime/resource",
    "pilot/pkg/model",
    "pilot/pkg/model/test",
    "pkg/cache",
    "pkg/features/pilot",
    "pkg/log",
    "pkg/mcp/client",
    "pkg/mcp/env",
    "pkg/mcp/internal",
    "pkg/mcp/monitoring",
    "pkg/mcp/server",
    "pkg/mcp/sink",
    "pkg/mcp/snapshot",
    "pkg/mcp/source",
    "pkg/mcp/testing/monitoring",
    "pkg/spiffe",
    "security/pkg/pki/util",
  ]
  pruneopts = ""
  revision = ""

[[projects]]
  branch = "release-1.11"
  digest = "1:0a64a62b398949a3a2d9bfe58abea92aa826f80a8f6c2e3f8b33945425ebcd42"
  name = "k8s.io/api"
  packages = [
    "apps/v1beta1",
    "core/v1",
    "extensions/v1beta1",
  ]
  pruneopts = ""
  revision = "2dd39edadc55ab8a4ab2b27b84a9ed1b467ef47e"

[[projects]]
  branch = "master"
  digest = "1:7aadea6a51967f57d9582471d4d9e561b3e586784e8a51d89c8b76785d186c29"
  name = "k8s.io/apimachinery"
  packages = [
    "pkg/api/resource",
    "pkg/apis/meta/v1",
    "pkg/conversion",
    "pkg/conversion/queryparams",
    "pkg/fields",
    "pkg/labels",
    "pkg/runtime",
    "pkg/runtime/schema",
    "pkg/selection",
    "pkg/types",
    "pkg/util/errors",
    "pkg/util/intstr",
    "pkg/util/json",
    "pkg/util/naming",
    "pkg/util/net",
    "pkg/util/runtime",
    "pkg/util/sets",
    "pkg/util/validation",
    "pkg/util/validation/field",
    "pkg/watch",
    "third_party/forked/golang/reflect",
  ]
  pruneopts = ""
  revision = "fa6ddc151d63306b3540a37d910a07b181e4a474"

[[projects]]
  digest = "1:4f5eb833037cc0ba0bf8fe9cae6be9df62c19dd1c869415275c708daa8ccfda5"
  name = "k8s.io/klog"
  packages = ["."]
  pruneopts = ""
  revision = "a5bc97fbc634d635061f3146511332c7e313a55a"
  version = "v0.1.0"

[solve-meta]
  analyzer-name = "dep"
  analyzer-version = 1
  input-imports = [
    "code.cloudfoundry.org/bbs",
    "code.cloudfoundry.org/bbs/events",
    "code.cloudfoundry.org/bbs/events/eventfakes",
    "code.cloudfoundry.org/bbs/models",
    "code.cloudfoundry.org/debugserver",
    "code.cloudfoundry.org/durationjson",
    "code.cloudfoundry.org/lager",
    "code.cloudfoundry.org/lager/lagertest",
    "github.com/gogo/protobuf/proto",
    "github.com/gogo/protobuf/types",
    "github.com/golang/protobuf/proto",
    "github.com/onsi/ginkgo",
    "github.com/onsi/ginkgo/config",
    "github.com/onsi/ginkgo/extensions/table",
    "github.com/onsi/gomega",
    "github.com/onsi/gomega/gbytes",
    "github.com/onsi/gomega/gexec",
    "github.com/onsi/gomega/ghttp",
    "github.com/pivotal-cf/paraphernalia/serve/grpcrunner",
    "github.com/square/certstrap/pkix",
    "github.com/tedsuo/ifrit",
    "github.com/tedsuo/ifrit/grouper",
    "github.com/tedsuo/ifrit/sigmon",
    "golang.org/x/net/context",
    "google.golang.org/grpc",
    "google.golang.org/grpc/codes",
    "google.golang.org/grpc/credentials",
    "google.golang.org/grpc/encoding/gzip",
    "google.golang.org/grpc/metadata",
    "google.golang.org/grpc/reflection",
    "google.golang.org/grpc/status",
    "gopkg.in/validator.v2",
    "istio.io/api/mcp/v1alpha1",
    "istio.io/api/networking/v1alpha3",
    "istio.io/istio/galley/pkg/runtime/groups",
    "istio.io/istio/pilot/pkg/model",
    "istio.io/istio/pkg/log",
    "istio.io/istio/pkg/mcp/client",
    "istio.io/istio/pkg/mcp/monitoring",
    "istio.io/istio/pkg/mcp/server",
    "istio.io/istio/pkg/mcp/sink",
    "istio.io/istio/pkg/mcp/snapshot",
    "istio.io/istio/pkg/mcp/source",
  ]
  solver-name = "gps-cdcl"
  solver-version = 1
